Microsoft Visual Studio Solution File, Format Version 11.00
# Visual Studio 2008

Project("{F38212B1-5199-12BA-2F7B-9CD16876BE34}") = "BasicShooter", "Assembly-CSharp-vs.csproj", "{61840CFE-FC0F-7266-67AC-B6AD81B4E47D}"
EndProject
Global
	GlobalSection(SolutionConfigurationPlatforms) = preSolution
		Debug|Any CPU = Debug|Any CPU
		Release|Any CPU = Release|Any CPU
	EndGlobalSection
	GlobalSection(ProjectConfigurationPlatforms) = postSolution
		{61840CFE-FC0F-7266-67AC-B6AD81B4E47D}.Debug|Any CPU.ActiveCfg = Debug|Any CPU
		{61840CFE-FC0F-7266-67AC-B6AD81B4E47D}.Debug|Any CPU.Build.0 = Debug|Any CPU
		{61840CFE-FC0F-7266-67AC-B6AD81B4E47D}.Release|Any CPU.ActiveCfg = Release|Any CPU
		{61840CFE-FC0F-7266-67AC-B6AD81B4E47D}.Release|Any CPU.Build.0 = Release|Any CPU
	EndGlobalSection
	GlobalSection(SolutionProperties) = preSolution
		HideSolutionNode = FALSE
	EndGlobalSection
		GlobalSection(MonoDevelopProperties) = preSolution
		StartupItem = Assembly-CSharp.csproj
		Policies = $0
		$0.TextStylePolicy = $1
		$1.inheritsSet = null
		$1.scope = text/x-csharp
		$0.CSharpFormattingPolicy = $2
		$2.inheritsSet = Mono
		$2.inheritsScope = text/x-csharp
		$2.scope = text/x-csharp
		$0.TextStylePolicy = $3
		$3.FileWidth = 120
		$3.TabWidth = 4
		$3.IndentWidth = 4
		$3.EolMarker = Unix
		$3.inheritsSet = Mono
		$3.inheritsScope = text/plain
		$3.scope = text/plain
	EndGlobalSection

EndGlobal
