
Microsoft Visual Studio Solution File, Format Version 12.00
# Visual Studio 2013
Project("{FAE04EC0-301F-11D3-BF4B-00C04F79EFBC}") = "UnityVS.BattleShapes.CSharp", "UnityVS.BattleShapes.CSharp.csproj", "{321FB546-0C8E-9773-2B79-3293C41FA29F}"
EndProject
Project("{FAE04EC0-301F-11D3-BF4B-00C04F79EFBC}") = "UnityVS.BattleShapes.CSharp.Editor", "UnityVS.BattleShapes.CSharp.Editor.csproj", "{C8205332-868D-25D9-C213-B63390164472}"
EndProject
Project("{FAE04EC0-301F-11D3-BF4B-00C04F79EFBC}") = "UnityVS.BattleShapes.CSharp.Plugins", "UnityVS.BattleShapes.CSharp.Plugins.csproj", "{138678C3-260B-A07F-8A04-34C0342D986B}"
EndProject
Global
	GlobalSection(SolutionConfigurationPlatforms) = preSolution
		Debug|Any CPU = Debug|Any CPU
		Release|Any CPU = Release|Any CPU
	EndGlobalSection
	GlobalSection(ProjectConfigurationPlatforms) = postSolution
		{321FB546-0C8E-9773-2B79-3293C41FA29F}.Debug|Any CPU.ActiveCfg = Debug|Any CPU
		{321FB546-0C8E-9773-2B79-3293C41FA29F}.Debug|Any CPU.Build.0 = Debug|Any CPU
		{321FB546-0C8E-9773-2B79-3293C41FA29F}.Release|Any CPU.ActiveCfg = Release|Any CPU
		{321FB546-0C8E-9773-2B79-3293C41FA29F}.Release|Any CPU.Build.0 = Release|Any CPU
		{C8205332-868D-25D9-C213-B63390164472}.Debug|Any CPU.ActiveCfg = Debug|Any CPU
		{C8205332-868D-25D9-C213-B63390164472}.Debug|Any CPU.Build.0 = Debug|Any CPU
		{C8205332-868D-25D9-C213-B63390164472}.Release|Any CPU.ActiveCfg = Release|Any CPU
		{C8205332-868D-25D9-C213-B63390164472}.Release|Any CPU.Build.0 = Release|Any CPU
		{138678C3-260B-A07F-8A04-34C0342D986B}.Debug|Any CPU.ActiveCfg = Debug|Any CPU
		{138678C3-260B-A07F-8A04-34C0342D986B}.Debug|Any CPU.Build.0 = Debug|Any CPU
		{138678C3-260B-A07F-8A04-34C0342D986B}.Release|Any CPU.ActiveCfg = Release|Any CPU
		{138678C3-260B-A07F-8A04-34C0342D986B}.Release|Any CPU.Build.0 = Release|Any CPU
	EndGlobalSection
	GlobalSection(SolutionProperties) = preSolution
		HideSolutionNode = FALSE
	EndGlobalSection
EndGlobal
